
Microsoft Visual Studio Solution File, Format Version 12.00
# Visual Studio Version 17
VisualStudioVersion = 17.11.35222.181
MinimumVisualStudioVersion = 10.0.40219.1
Project("{9A19103F-16F7-4668-BE54-9A1E7A4F7556}") = "CoffeeServer", "CoffeeServer.csproj", "{AEF2A570-A31A-4A80-A494-8E6CE9576D5F}"
EndProject
Global
	GlobalSection(SolutionConfigurationPlatforms) = preSolution
		Debug|Any CPU = Debug|Any CPU
		Release|Any CPU = Release|Any CPU
	EndGlobalSection
	GlobalSection(ProjectConfigurationPlatforms) = postSolution
		{AEF2A570-A31A-4A80-A494-8E6CE9576D5F}.Debug|Any CPU.ActiveCfg = Debug|Any CPU
		{AEF2A570-A31A-4A80-A494-8E6CE9576D5F}.Debug|Any CPU.Build.0 = Debug|Any CPU
		{AEF2A570-A31A-4A80-A494-8E6CE9576D5F}.Release|Any CPU.ActiveCfg = Release|Any CPU
		{AEF2A570-A31A-4A80-A494-8E6CE9576D5F}.Release|Any CPU.Build.0 = Release|Any CPU
	EndGlobalSection
	GlobalSection(SolutionProperties) = preSolution
		HideSolutionNode = FALSE
	EndGlobalSection
	GlobalSection(ExtensibilityGlobals) = postSolution
		SolutionGuid = {6FD8ED7B-40E8-4A44-91BD-6F610E1D5E84}
	EndGlobalSection
EndGlobal
